
Microsoft Visual Studio Solution File, Format Version 12.00
# Visual Studio Version 16
VisualStudioVersion = 16.0.30406.217
MinimumVisualStudioVersion = 10.0.40219.1
Project("{FAE04EC0-301F-11D3-BF4B-00C04F79EFBC}") = "KaramMarketingWeb", "KaramMarketingWeb\KaramMarketingWeb.csproj", "{6FCD255A-BA60-4FDA-932E-1B69F668BC58}"
EndProject
Global
	GlobalSection(SolutionConfigurationPlatforms) = preSolution
		Debug|Any CPU = Debug|Any CPU
		Release|Any CPU = Release|Any CPU
	EndGlobalSection
	GlobalSection(ProjectConfigurationPlatforms) = postSolution
		{6FCD255A-BA60-4FDA-932E-1B69F668BC58}.Debug|Any CPU.ActiveCfg = Debug|Any CPU
		{6FCD255A-BA60-4FDA-932E-1B69F668BC58}.Debug|Any CPU.Build.0 = Debug|Any CPU
		{6FCD255A-BA60-4FDA-932E-1B69F668BC58}.Release|Any CPU.ActiveCfg = Release|Any CPU
		{6FCD255A-BA60-4FDA-932E-1B69F668BC58}.Release|Any CPU.Build.0 = Release|Any CPU
	EndGlobalSection
	GlobalSection(SolutionProperties) = preSolution
		HideSolutionNode = FALSE
	EndGlobalSection
	GlobalSection(ExtensibilityGlobals) = postSolution
		SolutionGuid = {60CCC7FF-C9F7-4722-A2D8-8C5101B2EC9D}
	EndGlobalSection
EndGlobal
